# This file was autogenerated by Stack.
# You should not edit this file by hand.
# For more information, please see the documentation at:
#   https://docs.haskellstack.org/en/stable/lock_files

packages:
- completed:
    hackage: inflections-0.4.0.7@sha256:1fd4a14864f24d643c0f19d5c47ad022c8c9748d5842ebb2ec892ba98394de53,3551
    pantry-tree:
      sha256: d566a6956df9a1b9e04b5a85e9bbf69921d362a70fa7c145fe4963dfdf0ca942
      size: 2077
  original:
    hackage: inflections-0.4.0.7
snapshots:
- completed:
    sha256: fb482b8e2d5d061cdda4ba1da2957c012740c893a5ee1c1b99001adae7b1fbe7
    size: 640046
    url: https://raw.githubusercontent.com/commercialhaskell/stackage-snapshots/master/lts/21/19.yaml
  original:
    url: https://raw.githubusercontent.com/commercialhaskell/stackage-snapshots/master/lts/21/19.yaml
